// !$*UTF8*$!
{
	archiveVersion = 1;
	classes = {
	};
	objectVersion = 46;
	objects = {

/* Begin PBXBuildFile section */
		29E844E11C63EF7D0020D7F3 /* AppDelegate.swift in Sources */ = {isa = PBXBuildFile; fileRef = 29E844E01C63EF7D0020D7F3 /* AppDelegate.swift */; };
		29E844E31C63EF7D0020D7F3 /* ViewController.swift in Sources */ = {isa = PBXBuildFile; fileRef = 29E844E21C63EF7D0020D7F3 /* ViewController.swift */; };
		29E844E61C63EF7D0020D7F3 /* Main.storyboard in Resources */ = {isa = PBXBuildFile; fileRef = 29E844E41C63EF7D0020D7F3 /* Main.storyboard */; };
		29E844E81C63EF7D0020D7F3 /* Assets.xcassets in Resources */ = {isa = PBXBuildFile; fileRef = 29E844E71C63EF7D0020D7F3 /* Assets.xcassets */; };
		29E844EB1C63EF7D0020D7F3 /* LaunchScreen.storyboard in Resources */ = {isa = PBXBuildFile; fileRef = 29E844E91C63EF7D0020D7F3 /* LaunchScreen.storyboard */; };
		29E844F61C63EF7D0020D7F3 /* ModelAndControllerMiniTests.swift in Sources */ = {isa = PBXBuildFile; fileRef = 29E844F51C63EF7D0020D7F3 /* ModelAndControllerMiniTests.swift */; };
		29E845011C63EF7D0020D7F3 /* ModelAndControllerMiniUITests.swift in Sources */ = {isa = PBXBuildFile; fileRef = 29E845001C63EF7D0020D7F3 /* ModelAndControllerMiniUITests.swift */; };
/* End PBXBuildFile section */

/* Begin PBXContainerItemProxy section */
		29E844F21C63EF7D0020D7F3 /* PBXContainerItemProxy */ = {
			isa = PBXContainerItemProxy;
			containerPortal = 29E844D51C63EF7D0020D7F3 /* Project object */;
			proxyType = 1;
			remoteGlobalIDString = 29E844DC1C63EF7D0020D7F3;
			remoteInfo = ModelAndControllerMini;
		};
		29E844FD1C63EF7D0020D7F3 /* PBXContainerItemProxy */ = {
			isa = PBXContainerItemProxy;
			containerPortal = 29E844D51C63EF7D0020D7F3 /* Project object */;
			proxyType = 1;
			remoteGlobalIDString = 29E844DC1C63EF7D0020D7F3;
			remoteInfo = ModelAndControllerMini;
		};
/* End PBXContainerItemProxy section */

/* Begin PBXFileReference section */
		29E844DD1C63EF7D0020D7F3 /* ModelAndControllerMini.app */ = {isa = PBXFileReference; explicitFileType = wrapper.application; includeInIndex = 0; path = ModelAndControllerMini.app; sourceTree = BUILT_PRODUCTS_DIR; };
		29E844E01C63EF7D0020D7F3 /* AppDelegate.swift */ = {isa = PBXFileReference; lastKnownFileType = sourcecode.swift; path = AppDelegate.swift; sourceTree = "<group>"; };
		29E844E21C63EF7D0020D7F3 /* ViewController.swift */ = {isa = PBXFileReference; lastKnownFileType = sourcecode.swift; path = ViewController.swift; sourceTree = "<group>"; };
		29E844E51C63EF7D0020D7F3 /* Base */ = {isa = PBXFileReference; lastKnownFileType = file.storyboard; name = Base; path = Base.lproj/Main.storyboard; sourceTree = "<group>"; };
		29E844E71C63EF7D0020D7F3 /* Assets.xcassets */ = {isa = PBXFileReference; lastKnownFileType = folder.assetcatalog; path = Assets.xcassets; sourceTree = "<group>"; };
		29E844EA1C63EF7D0020D7F3 /* Base */ = {isa = PBXFileReference; lastKnownFileType = file.storyboard; name = Base; path = Base.lproj/LaunchScreen.storyboard; sourceTree = "<group>"; };
		29E844EC1C63EF7D0020D7F3 /* Info.plist */ = {isa = PBXFileReference; lastKnownFileType = text.plist.xml; path = Info.plist; sourceTree = "<group>"; };
		29E844F11C63EF7D0020D7F3 /* ModelAndControllerMiniTests.xctest */ = {isa = PBXFileReference; explicitFileType = wrapper.cfbundle; includeInIndex = 0; path = ModelAndControllerMiniTests.xctest; sourceTree = BUILT_PRODUCTS_DIR; };
		29E844F51C63EF7D0020D7F3 /* ModelAndControllerMiniTests.swift */ = {isa = PBXFileReference; lastKnownFileType = sourcecode.swift; path = ModelAndControllerMiniTests.swift; sourceTree = "<group>"; };
		29E844F71C63EF7D0020D7F3 /* Info.plist */ = {isa = PBXFileReference; lastKnownFileType = text.plist.xml; path = Info.plist; sourceTree = "<group>"; };
		29E844FC1C63EF7D0020D7F3 /* ModelAndControllerMiniUITests.xctest */ = {isa = PBXFileReference; explicitFileType = wrapper.cfbundle; includeInIndex = 0; path = ModelAndControllerMiniUITests.xctest; sourceTree = BUILT_PRODUCTS_DIR; };
		29E845001C63EF7D0020D7F3 /* ModelAndControllerMiniUITests.swift */ = {isa = PBXFileReference; lastKnownFileType = sourcecode.swift; path = ModelAndControllerMiniUITests.swift; sourceTree = "<group>"; };
		29E845021C63EF7D0020D7F3 /* Info.plist */ = {isa = PBXFileReference; lastKnownFileType = text.plist.xml; path = Info.plist; sourceTree = "<group>"; };
/* End PBXFileReference section */

/* Begin PBXFrameworksBuildPhase section */
		29E844DA1C63EF7D0020D7F3 /* Frameworks */ = {
			isa = PBXFrameworksBuildPhase;
			buildActionMask = 2147483647;
			files = (
			);
			runOnlyForDeploymentPostprocessing = 0;
		};
		29E844EE1C63EF7D0020D7F3 /* Frameworks */ = {
			isa = PBXFrameworksBuildPhase;
			buildActionMask = 2147483647;
			files = (
			);
			runOnlyForDeploymentPostprocessing = 0;
		};
		29E844F91C63EF7D0020D7F3 /* Frameworks */ = {
			isa = PBXFrameworksBuildPhase;
			buildActionMask = 2147483647;
			files = (
			);
			runOnlyForDeploymentPostprocessing = 0;
		};
/* End PBXFrameworksBuildPhase section */

/* Begin PBXGroup section */
		29E844D41C63EF7D0020D7F3 = {
			isa = PBXGroup;
			children = (
				29E844DF1C63EF7D0020D7F3 /* ModelAndControllerMini */,
				29E844F41C63EF7D0020D7F3 /* ModelAndControllerMiniTests */,
				29E844FF1C63EF7D0020D7F3 /* ModelAndControllerMiniUITests */,
				29E844DE1C63EF7D0020D7F3 /* Products */,
			);
			sourceTree = "<group>";
		};
		29E844DE1C63EF7D0020D7F3 /* Products */ = {
			isa = PBXGroup;
			children = (
				29E844DD1C63EF7D0020D7F3 /* ModelAndControllerMini.app */,
				29E844F11C63EF7D0020D7F3 /* ModelAndControllerMiniTests.xctest */,
				29E844FC1C63EF7D0020D7F3 /* ModelAndControllerMiniUITests.xctest */,
			);
			name = Products;
			sourceTree = "<group>";
		};
		29E844DF1C63EF7D0020D7F3 /* ModelAndControllerMini */ = {
			isa = PBXGroup;
			children = (
				29E844E01C63EF7D0020D7F3 /* AppDelegate.swift */,
				29E844E21C63EF7D0020D7F3 /* ViewController.swift */,
				29E844E41C63EF7D0020D7F3 /* Main.storyboard */,
				29E844E71C63EF7D0020D7F3 /* Assets.xcassets */,
				29E844E91C63EF7D0020D7F3 /* LaunchScreen.storyboard */,
				29E844EC1C63EF7D0020D7F3 /* Info.plist */,
			);
			path = ModelAndControllerMini;
			sourceTree = "<group>";
		};
		29E844F41C63EF7D0020D7F3 /* ModelAndControllerMiniTests */ = {
			isa = PBXGroup;
			children = (
				29E844F51C63EF7D0020D7F3 /* ModelAndControllerMiniTests.swift */,
				29E844F71C63EF7D0020D7F3 /* Info.plist */,
			);
			path = ModelAndControllerMiniTests;
			sourceTree = "<group>";
		};
		29E844FF1C63EF7D0020D7F3 /* ModelAndControllerMiniUITests */ = {
			isa = PBXGroup;
			children = (
				29E845001C63EF7D0020D7F3 /* ModelAndControllerMiniUITests.swift */,
				29E845021C63EF7D0020D7F3 /* Info.plist */,
			);
			path = ModelAndControllerMiniUITests;
			sourceTree = "<group>";
		};
/* End PBXGroup section */

/* Begin PBXNativeTarget section */
		29E844DC1C63EF7D0020D7F3 /* ModelAndControllerMini */ = {
			isa = PBXNativeTarget;
			buildConfigurationList = 29E845051C63EF7D0020D7F3 /* Build configuration list for PBXNativeTarget "ModelAndControllerMini" */;
			buildPhases = (
				29E844D91C63EF7D0020D7F3 /* Sources */,
				29E844DA1C63EF7D0020D7F3 /* Frameworks */,
				29E844DB1C63EF7D0020D7F3 /* Resources */,
			);
			buildRules = (
			);
			dependencies = (
			);
			name = ModelAndControllerMini;
			productName = ModelAndControllerMini;
			productReference = 29E844DD1C63EF7D0020D7F3 /* ModelAndControllerMini.app */;
			productType = "com.apple.product-type.application";
		};
		29E844F01C63EF7D0020D7F3 /* ModelAndControllerMiniTests */ = {
			isa = PBXNativeTarget;
			buildConfigurationList = 29E845081C63EF7D0020D7F3 /* Build configuration list for PBXNativeTarget "ModelAndControllerMiniTests" */;
			buildPhases = (
				29E844ED1C63EF7D0020D7F3 /* Sources */,
				29E844EE1C63EF7D0020D7F3 /* Frameworks */,
				29E844EF1C63EF7D0020D7F3 /* Resources */,
			);
			buildRules = (
			);
			dependencies = (
				29E844F31C63EF7D0020D7F3 /* PBXTargetDependency */,
			);
			name = ModelAndControllerMiniTests;
			productName = ModelAndControllerMiniTests;
			productReference = 29E844F11C63EF7D0020D7F3 /* ModelAndControllerMiniTests.xctest */;
			productType = "com.apple.product-type.bundle.unit-test";
		};
		29E844FB1C63EF7D0020D7F3 /* ModelAndControllerMiniUITests */ = {
			isa = PBXNativeTarget;
			buildConfigurationList = 29E8450B1C63EF7D0020D7F3 /* Build configuration list for PBXNativeTarget "ModelAndControllerMiniUITests" */;
			buildPhases = (
				29E844F81C63EF7D0020D7F3 /* Sources */,
				29E844F91C63EF7D0020D7F3 /* Frameworks */,
				29E844FA1C63EF7D0020D7F3 /* Resources */,
			);
			buildRules = (
			);
			dependencies = (
				29E844FE1C63EF7D0020D7F3 /* PBXTargetDependency */,
			);
			name = ModelAndControllerMiniUITests;
			productName = ModelAndControllerMiniUITests;
			productReference = 29E844FC1C63EF7D0020D7F3 /* ModelAndControllerMiniUITests.xctest */;
			productType = "com.apple.product-type.bundle.ui-testing";
		};
/* End PBXNativeTarget section */

/* Begin PBXProject section */
		29E844D51C63EF7D0020D7F3 /* Project object */ = {
			isa = PBXProject;
			attributes = {
				LastSwiftUpdateCheck = 0720;
				LastUpgradeCheck = 0720;
				ORGANIZATIONNAME = "Jake Herrmann";
				TargetAttributes = {
					29E844DC1C63EF7D0020D7F3 = {
						CreatedOnToolsVersion = 7.2;
					};
					29E844F01C63EF7D0020D7F3 = {
						CreatedOnToolsVersion = 7.2;
						TestTargetID = 29E844DC1C63EF7D0020D7F3;
					};
					29E844FB1C63EF7D0020D7F3 = {
						CreatedOnToolsVersion = 7.2;
						TestTargetID = 29E844DC1C63EF7D0020D7F3;
					};
				};
			};
			buildConfigurationList = 29E844D81C63EF7D0020D7F3 /* Build configuration list for PBXProject "ModelAndControllerMini" */;
			compatibilityVersion = "Xcode 3.2";
			developmentRegion = English;
			hasScannedForEncodings = 0;
			knownRegions = (
				en,
				Base,
			);
			mainGroup = 29E844D41C63EF7D0020D7F3;
			productRefGroup = 29E844DE1C63EF7D0020D7F3 /* Products */;
			projectDirPath = "";
			projectRoot = "";
			targets = (
				29E844DC1C63EF7D0020D7F3 /* ModelAndControllerMini */,
				29E844F01C63EF7D0020D7F3 /* ModelAndControllerMiniTests */,
				29E844FB1C63EF7D0020D7F3 /* ModelAndControllerMiniUITests */,
			);
		};
/* End PBXProject section */

/* Begin PBXResourcesBuildPhase section */
		29E844DB1C63EF7D0020D7F3 /* Resources */ = {
			isa = PBXResourcesBuildPhase;
			buildActionMask = 2147483647;
			files = (
				29E844EB1C63EF7D0020D7F3 /* LaunchScreen.storyboard in Resources */,
				29E844E81C63EF7D0020D7F3 /* Assets.xcassets in Resources */,
				29E844E61C63EF7D0020D7F3 /* Main.storyboard in Resources */,
			);
			runOnlyForDeploymentPostprocessing = 0;
		};
		29E844EF1C63EF7D0020D7F3 /* Resources */ = {
			isa = PBXResourcesBuildPhase;
			buildActionMask = 2147483647;
			files = (
			);
			runOnlyForDeploymentPostprocessing = 0;
		};
		29E844FA1C63EF7D0020D7F3 /* Resources */ = {
			isa = PBXResourcesBuildPhase;
			buildActionMask = 2147483647;
			files = (
			);
			runOnlyForDeploymentPostprocessing = 0;
		};
/* End PBXResourcesBuildPhase section */

/* Begin PBXSourcesBuildPhase section */
		29E844D91C63EF7D0020D7F3 /* Sources */ = {
			isa = PBXSourcesBuildPhase;
			buildActionMask = 2147483647;
			files = (
				29E844E31C63EF7D0020D7F3 /* ViewController.swift in Sources */,
				29E844E11C63EF7D0020D7F3 /* AppDelegate.swift in Sources */,
			);
			runOnlyForDeploymentPostprocessing = 0;
		};
		29E844ED1C63EF7D0020D7F3 /* Sources */ = {
			isa = PBXSourcesBuildPhase;
			buildActionMask = 2147483647;
			files = (
				29E844F61C63EF7D0020D7F3 /* ModelAndControllerMiniTests.swift in Sources */,
			);
			runOnlyForDeploymentPostprocessing = 0;
		};
		29E844F81C63EF7D0020D7F3 /* Sources */ = {
			isa = PBXSourcesBuildPhase;
			buildActionMask = 2147483647;
			files = (
				29E845011C63EF7D0020D7F3 /* ModelAndControllerMiniUITests.swift in Sources */,
			);
			runOnlyForDeploymentPostprocessing = 0;
		};
/* End PBXSourcesBuildPhase section */

/* Begin PBXTargetDependency section */
		29E844F31C63EF7D0020D7F3 /* PBXTargetDependency */ = {
			isa = PBXTargetDependency;
			target = 29E844DC1C63EF7D0020D7F3 /* ModelAndControllerMini */;
			targetProxy = 29E844F21C63EF7D0020D7F3 /* PBXContainerItemProxy */;
		};
		29E844FE1C63EF7D0020D7F3 /* PBXTargetDependency */ = {
			isa = PBXTargetDependency;
			target = 29E844DC1C63EF7D0020D7F3 /* ModelAndControllerMini */;
			targetProxy = 29E844FD1C63EF7D0020D7F3 /* PBXContainerItemProxy */;
		};
/* End PBXTargetDependency section */

/* Begin PBXVariantGroup section */
		29E844E41C63EF7D0020D7F3 /* Main.storyboard */ = {
			isa = PBXVariantGroup;
			children = (
				29E844E51C63EF7D0020D7F3 /* Base */,
			);
			name = Main.storyboard;
			sourceTree = "<group>";
		};
		29E844E91C63EF7D0020D7F3 /* LaunchScreen.storyboard */ = {
			isa = PBXVariantGroup;
			children = (
				29E844EA1C63EF7D0020D7F3 /* Base */,
			);
			name = LaunchScreen.storyboard;
			sourceTree = "<group>";
		};
/* End PBXVariantGroup section */

/* Begin XCBuildConfiguration section */
		29E845031C63EF7D0020D7F3 /* Debug */ = {
			isa = XCBuildConfiguration;
			buildSettings = {
				ALWAYS_SEARCH_USER_PATHS = NO;
				CLANG_CXX_LANGUAGE_STANDARD = "gnu++0x";
				CLANG_CXX_LIBRARY = "libc++";
				CLANG_ENABLE_MODULES = YES;
				CLANG_ENABLE_OBJC_ARC = YES;
				CLANG_WARN_BOOL_CONVERSION = YES;
				CLANG_WARN_CONSTANT_CONVERSION = YES;
				CLANG_WARN_DIRECT_OBJC_ISA_USAGE = YES_ERROR;
				CLANG_WARN_EMPTY_BODY = YES;
				CLANG_WARN_ENUM_CONVERSION = YES;
				CLANG_WARN_INT_CONVERSION = YES;
				CLANG_WARN_OBJC_ROOT_CLASS = YES_ERROR;
				CLANG_WARN_UNREACHABLE_CODE = YES;
				CLANG_WARN__DUPLICATE_METHOD_MATCH = YES;
				"CODE_SIGN_IDENTITY[sdk=iphoneos*]" = "iPhone Developer";
				COPY_PHASE_STRIP = NO;
				DEBUG_INFORMATION_FORMAT = dwarf;
				ENABLE_STRICT_OBJC_MSGSEND = YES;
				ENABLE_TESTABILITY = YES;
				GCC_C_LANGUAGE_STANDARD = gnu99;
				GCC_DYNAMIC_NO_PIC = NO;
				GCC_NO_COMMON_BLOCKS = YES;
				GCC_OPTIMIZATION_LEVEL = 0;
				GCC_PREPROCESSOR_DEFINITIONS = (
					"DEBUG=1",
					"$(inherited)",
				);
				GCC_WARN_64_TO_32_BIT_CONVERSION = YES;
				GCC_WARN_ABOUT_RETURN_TYPE = YES_ERROR;
				GCC_WARN_UNDECLARED_SELECTOR = YES;
				GCC_WARN_UNINITIALIZED_AUTOS = YES_AGGRESSIVE;
				GCC_WARN_UNUSED_FUNCTION = YES;
				GCC_WARN_UNUSED_VARIABLE = YES;
				IPHONEOS_DEPLOYMENT_TARGET = 9.2;
				MTL_ENABLE_DEBUG_INFO = YES;
				ONLY_ACTIVE_ARCH = YES;
				SDKROOT = iphoneos;
				SWIFT_OPTIMIZATION_LEVEL = "-Onone";
				TARGETED_DEVICE_FAMILY = "1,2";
			};
			name = Debug;
		};
		29E845041C63EF7D0020D7F3 /* Release */ = {
			isa = XCBuildConfiguration;
			buildSettings = {
				ALWAYS_SEARCH_USER_PATHS = NO;
				CLANG_CXX_LANGUAGE_STANDARD = "gnu++0x";
				CLANG_CXX_LIBRARY = "libc++";
				CLANG_ENABLE_MODULES = YES;
				CLANG_ENABLE_OBJC_ARC = YES;
				CLANG_WARN_BOOL_CONVERSION = YES;
				CLANG_WARN_CONSTANT_CONVERSION = YES;
				CLANG_WARN_DIRECT_OBJC_ISA_USAGE = YES_ERROR;
				CLANG_WARN_EMPTY_BODY = YES;
				CLANG_WARN_ENUM_CONVERSION = YES;
				CLANG_WARN_INT_CONVERSION = YES;
				CLANG_WARN_OBJC_ROOT_CLASS = YES_ERROR;
				CLANG_WARN_UNREACHABLE_CODE = YES;
				CLANG_WARN__DUPLICATE_METHOD_MATCH = YES;
				"CODE_SIGN_IDENTITY[sdk=iphoneos*]" = "iPhone Developer";
				COPY_PHASE_STRIP = NO;
				DEBUG_INFORMATION_FORMAT = "dwarf-with-dsym";
				ENABLE_NS_ASSERTIONS = NO;
				ENABLE_STRICT_OBJC_MSGSEND = YES;
				GCC_C_LANGUAGE_STANDARD = gnu99;
				GCC_NO_COMMON_BLOCKS = YES;
				GCC_WARN_64_TO_32_BIT_CONVERSION = YES;
				GCC_WARN_ABOUT_RETURN_TYPE = YES_ERROR;
				GCC_WARN_UNDECLARED_SELECTOR = YES;
				GCC_WARN_UNINITIALIZED_AUTOS = YES_AGGRESSIVE;
				GCC_WARN_UNUSED_FUNCTION = YES;
				GCC_WARN_UNUSED_VARIABLE = YES;
				IPHONEOS_DEPLOYMENT_TARGET = 9.2;
				MTL_ENABLE_DEBUG_INFO = NO;
				SDKROOT = iphoneos;
				TARGETED_DEVICE_FAMILY = "1,2";
				VALIDATE_PRODUCT = YES;
			};
			name = Release;
		};
		29E845061C63EF7D0020D7F3 /* Debug */ = {
			isa = XCBuildConfiguration;
			buildSettings = {
				ASSETCATALOG_COMPILER_APPICON_NAME = AppIcon;
				INFOPLIST_FILE = ModelAndControllerMini/Info.plist;
				LD_RUNPATH_SEARCH_PATHS = "$(inherited) @executable_path/Frameworks";
				PRODUCT_BUNDLE_IDENTIFIER = Jherrmann.ModelAndControllerMini;
				PRODUCT_NAME = "$(TARGET_NAME)";
			};
			name = Debug;
		};
		29E845071C63EF7D0020D7F3 /* Release */ = {
			isa = XCBuildConfiguration;
			buildSettings = {
				ASSETCATALOG_COMPILER_APPICON_NAME = AppIcon;
				INFOPLIST_FILE = ModelAndControllerMini/Info.plist;
				LD_RUNPATH_SEARCH_PATHS = "$(inherited) @executable_path/Frameworks";
				PRODUCT_BUNDLE_IDENTIFIER = Jherrmann.ModelAndControllerMini;
				PRODUCT_NAME = "$(TARGET_NAME)";
			};
			name = Release;
		};
		29E845091C63EF7D0020D7F3 /* Debug */ = {
			isa = XCBuildConfiguration;
			buildSettings = {
				BUNDLE_LOADER = "$(TEST_HOST)";
				INFOPLIST_FILE = ModelAndControllerMiniTests/Info.plist;
				LD_RUNPATH_SEARCH_PATHS = "$(inherited) @executable_path/Frameworks @loader_path/Frameworks";
				PRODUCT_BUNDLE_IDENTIFIER = Jherrmann.ModelAndControllerMiniTests;
				PRODUCT_NAME = "$(TARGET_NAME)";
				TEST_HOST = "$(BUILT_PRODUCTS_DIR)/ModelAndControllerMini.app/ModelAndControllerMini";
			};
			name = Debug;
		};
		29E8450A1C63EF7D0020D7F3 /* Release */ = {
			isa = XCBuildConfiguration;
			buildSettings = {
				BUNDLE_LOADER = "$(TEST_HOST)";
				INFOPLIST_FILE = ModelAndControllerMiniTests/Info.plist;
				LD_RUNPATH_SEARCH_PATHS = "$(inherited) @executable_path/Frameworks @loader_path/Frameworks";
				PRODUCT_BUNDLE_IDENTIFIER = Jherrmann.ModelAndControllerMiniTests;
				PRODUCT_NAME = "$(TARGET_NAME)";
				TEST_HOST = "$(BUILT_PRODUCTS_DIR)/ModelAndControllerMini.app/ModelAndControllerMini";
			};
			name = Release;
		};
		29E8450C1C63EF7D0020D7F3 /* Debug */ = {
			isa = XCBuildConfiguration;
			buildSettings = {
				INFOPLIST_FILE = ModelAndControllerMiniUITests/Info.plist;
				LD_RUNPATH_SEARCH_PATHS = "$(inherited) @executable_path/Frameworks @loader_path/Frameworks";
				PRODUCT_BUNDLE_IDENTIFIER = Jherrmann.ModelAndControllerMiniUITests;
				PRODUCT_NAME = "$(TARGET_NAME)";
				TEST_TARGET_NAME = ModelAndControllerMini;
				USES_XCTRUNNER = YES;
			};
			name = Debug;
		};
		29E8450D1C63EF7D0020D7F3 /* Release */ = {
			isa = XCBuildConfiguration;
			buildSettings = {
				INFOPLIST_FILE = ModelAndControllerMiniUITests/Info.plist;
				LD_RUNPATH_SEARCH_PATHS = "$(inherited) @executable_path/Frameworks @loader_path/Frameworks";
				PRODUCT_BUNDLE_IDENTIFIER = Jherrmann.ModelAndControllerMiniUITests;
				PRODUCT_NAME = "$(TARGET_NAME)";
				TEST_TARGET_NAME = ModelAndControllerMini;
				USES_XCTRUNNER = YES;
			};
			name = Release;
		};
/* End XCBuildConfiguration section */

/* Begin XCConfigurationList section */
		29E844D81C63EF7D0020D7F3 /* Build configuration list for PBXProject "ModelAndControllerMini" */ = {
			isa = XCConfigurationList;
			buildConfigurations = (
				29E845031C63EF7D0020D7F3 /* Debug */,
				29E845041C63EF7D0020D7F3 /* Release */,
			);
			defaultConfigurationIsVisible = 0;
			defaultConfigurationName = Release;
		};
		29E845051C63EF7D0020D7F3 /* Build configuration list for PBXNativeTarget "ModelAndControllerMini" */ = {
			isa = XCConfigurationList;
			buildConfigurations = (
				29E845061C63EF7D0020D7F3 /* Debug */,
				29E845071C63EF7D0020D7F3 /* Release */,
			);
			defaultConfigurationIsVisible = 0;
		};
		29E845081C63EF7D0020D7F3 /* Build configuration list for PBXNativeTarget "ModelAndControllerMiniTests" */ = {
			isa = XCConfigurationList;
			buildConfigurations = (
				29E845091C63EF7D0020D7F3 /* Debug */,
				29E8450A1C63EF7D0020D7F3 /* Release */,
			);
			defaultConfigurationIsVisible = 0;
		};
		29E8450B1C63EF7D0020D7F3 /* Build configuration list for PBXNativeTarget "ModelAndControllerMiniUITests" */ = {
			isa = XCConfigurationList;
			buildConfigurations = (
				29E8450C1C63EF7D0020D7F3 /* Debug */,
				29E8450D1C63EF7D0020D7F3 /* Release */,
			);
			defaultConfigurationIsVisible = 0;
		};
/* End XCConfigurationList section */
	};
	rootObject = 29E844D51C63EF7D0020D7F3 /* Project object */;
}
